
Microsoft Visual Studio Solution File, Format Version 12.00
# Visual Studio Version 17
VisualStudioVersion = 17.4.33213.308
MinimumVisualStudioVersion = 10.0.40219.1
Project("{FAE04EC0-301F-11D3-BF4B-00C04F79EFBC}") = "SupermarketSupremacy", "SupermarketSupremacy\SupermarketSupremacy.csproj", "{626BA398-4767-4326-9E79-DAEAE8919DE8}"
EndProject
Global
	GlobalSection(SolutionConfigurationPlatforms) = preSolution
		Debug|Any CPU = Debug|Any CPU
		Release|Any CPU = Release|Any CPU
	EndGlobalSection
	GlobalSection(ProjectConfigurationPlatforms) = postSolution
		{626BA398-4767-4326-9E79-DAEAE8919DE8}.Debug|Any CPU.ActiveCfg = Debug|Any CPU
		{626BA398-4767-4326-9E79-DAEAE8919DE8}.Debug|Any CPU.Build.0 = Debug|Any CPU
		{626BA398-4767-4326-9E79-DAEAE8919DE8}.Release|Any CPU.ActiveCfg = Release|Any CPU
		{626BA398-4767-4326-9E79-DAEAE8919DE8}.Release|Any CPU.Build.0 = Release|Any CPU
	EndGlobalSection
	GlobalSection(SolutionProperties) = preSolution
		HideSolutionNode = FALSE
	EndGlobalSection
	GlobalSection(ExtensibilityGlobals) = postSolution
		SolutionGuid = {EB5688D4-6B55-4D2B-AB21-95804FF12C61}
	EndGlobalSection
EndGlobal
